
Microsoft Visual Studio Solution File, Format Version 12.00
# Visual Studio Version 16
VisualStudioVersion = 16.0.30621.155
MinimumVisualStudioVersion = 10.0.40219.1
Project("{FAE04EC0-301F-11D3-BF4B-00C04F79EFBC}") = "Apbd_int_cw4", "WebApplication1\Apbd_int_cw4.csproj", "{CC2C6328-52DD-4BC6-9596-1956932C0C56}"
EndProject
Global
	GlobalSection(SolutionConfigurationPlatforms) = preSolution
		Debug|Any CPU = Debug|Any CPU
		Release|Any CPU = Release|Any CPU
	EndGlobalSection
	GlobalSection(ProjectConfigurationPlatforms) = postSolution
		{CC2C6328-52DD-4BC6-9596-1956932C0C56}.Debug|Any CPU.ActiveCfg = Debug|Any CPU
		{CC2C6328-52DD-4BC6-9596-1956932C0C56}.Debug|Any CPU.Build.0 = Debug|Any CPU
		{CC2C6328-52DD-4BC6-9596-1956932C0C56}.Release|Any CPU.ActiveCfg = Release|Any CPU
		{CC2C6328-52DD-4BC6-9596-1956932C0C56}.Release|Any CPU.Build.0 = Release|Any CPU
	EndGlobalSection
	GlobalSection(SolutionProperties) = preSolution
		HideSolutionNode = FALSE
	EndGlobalSection
	GlobalSection(ExtensibilityGlobals) = postSolution
		SolutionGuid = {07209975-B26D-4BD7-8B3F-F461F2757B70}
	EndGlobalSection
EndGlobal
